
Microsoft Visual Studio Solution File, Format Version 12.00
# Visual Studio Version 16
VisualStudioVersion = 16.0.30204.135
MinimumVisualStudioVersion = 10.0.40219.1
Project("{FAE04EC0-301F-11D3-BF4B-00C04F79EFBC}") = "OrdinamentoVettori", "OrdinamentoVettori\OrdinamentoVettori.csproj", "{6BF09837-4124-425F-B27F-41A137047C07}"
EndProject
Global
	GlobalSection(SolutionConfigurationPlatforms) = preSolution
		Debug|Any CPU = Debug|Any CPU
		Release|Any CPU = Release|Any CPU
	EndGlobalSection
	GlobalSection(ProjectConfigurationPlatforms) = postSolution
		{6BF09837-4124-425F-B27F-41A137047C07}.Debug|Any CPU.ActiveCfg = Debug|Any CPU
		{6BF09837-4124-425F-B27F-41A137047C07}.Debug|Any CPU.Build.0 = Debug|Any CPU
		{6BF09837-4124-425F-B27F-41A137047C07}.Release|Any CPU.ActiveCfg = Release|Any CPU
		{6BF09837-4124-425F-B27F-41A137047C07}.Release|Any CPU.Build.0 = Release|Any CPU
	EndGlobalSection
	GlobalSection(SolutionProperties) = preSolution
		HideSolutionNode = FALSE
	EndGlobalSection
	GlobalSection(ExtensibilityGlobals) = postSolution
		SolutionGuid = {92731323-6826-43EC-84FB-05C3D7617B07}
	EndGlobalSection
EndGlobal
